// !$*UTF8*$!
{
	archiveVersion = 1;
	classes = {
	};
	objectVersion = 51;
	objects = {

/* Begin PBXBuildFile section */
		3A25C0B5AB1E5ECC2331B5CC /* Pods_ExpensesAppTests.framework in Frameworks */ = {isa = PBXBuildFile; fileRef = 70160C5DDD8CB203221EFD66 /* Pods_ExpensesAppTests.framework */; };
		4E1DEAB0115FFD8D82F13AEF /* Pods_ExpensesApp.framework in Frameworks */ = {isa = PBXBuildFile; fileRef = 78F7AC10A4D7315CCF5FFD54 /* Pods_ExpensesApp.framework */; };
		531DB9B979E5F7F3AE01E2C8 /* Pods_ExpensesApp_ExpensesAppUITests.framework in Frameworks */ = {isa = PBXBuildFile; fileRef = 0F625B0472DA99EDE79BE311 /* Pods_ExpensesApp_ExpensesAppUITests.framework */; };
		7E54F967244A0BE9003ABAA1 /* Preload.swift in Sources */ = {isa = PBXBuildFile; fileRef = 7E54F966244A0BE9003ABAA1 /* Preload.swift */; };
		7E54F969244A3AF1003ABAA1 /* AddCategoryViewController.swift in Sources */ = {isa = PBXBuildFile; fileRef = 7E54F968244A3AF1003ABAA1 /* AddCategoryViewController.swift */; };
		7E54F96B244A4126003ABAA1 /* AddCategoryCell.swift in Sources */ = {isa = PBXBuildFile; fileRef = 7E54F96A244A4126003ABAA1 /* AddCategoryCell.swift */; };
		7E66B56B2453556E00F138C3 /* ExpenseCategory.swift in Sources */ = {isa = PBXBuildFile; fileRef = 7E66B56A2453556E00F138C3 /* ExpenseCategory.swift */; };
		7E66B56E2453874700F138C3 /* CloudKit.framework in Frameworks */ = {isa = PBXBuildFile; fileRef = 7E66B56D2453874700F138C3 /* CloudKit.framework */; };
		7E84C6902449CA9400B2C657 /* SettingsViewController.swift in Sources */ = {isa = PBXBuildFile; fileRef = 7E84C68F2449CA9400B2C657 /* SettingsViewController.swift */; };
		7EA3FCFB24498F5200B1AF10 /* CategoryCell.swift in Sources */ = {isa = PBXBuildFile; fileRef = 7EA3FCFA24498F5200B1AF10 /* CategoryCell.swift */; };
		7EA3FD022449A83E00B1AF10 /* AddItemViewController.swift in Sources */ = {isa = PBXBuildFile; fileRef = 7EA3FD012449A83E00B1AF10 /* AddItemViewController.swift */; };
		7EA3FD042449BA4000B1AF10 /* CategoryCollectionCell.swift in Sources */ = {isa = PBXBuildFile; fileRef = 7EA3FD032449BA4000B1AF10 /* CategoryCollectionCell.swift */; };
		7EA3FD062449C27300B1AF10 /* StatisticsViewController.swift in Sources */ = {isa = PBXBuildFile; fileRef = 7EA3FD052449C27300B1AF10 /* StatisticsViewController.swift */; };
		7EDC71112449E107002CACDF /* Item+CoreDataClass.swift in Sources */ = {isa = PBXBuildFile; fileRef = 7EDC710B2449E107002CACDF /* Item+CoreDataClass.swift */; };
		7EDC71122449E107002CACDF /* Item+CoreDataProperties.swift in Sources */ = {isa = PBXBuildFile; fileRef = 7EDC710C2449E107002CACDF /* Item+CoreDataProperties.swift */; };
		7EDC71132449E107002CACDF /* Category+CoreDataClass.swift in Sources */ = {isa = PBXBuildFile; fileRef = 7EDC710D2449E107002CACDF /* Category+CoreDataClass.swift */; };
		7EDC71142449E107002CACDF /* Category+CoreDataProperties.swift in Sources */ = {isa = PBXBuildFile; fileRef = 7EDC710E2449E107002CACDF /* Category+CoreDataProperties.swift */; };
		7EDC71172449E143002CACDF /* PersistenceManager.swift in Sources */ = {isa = PBXBuildFile; fileRef = 7EDC71162449E143002CACDF /* PersistenceManager.swift */; };
		B74263202448BEBA00597D4C /* AppDelegate.swift in Sources */ = {isa = PBXBuildFile; fileRef = B742631F2448BEBA00597D4C /* AppDelegate.swift */; };
		B74263222448BEBA00597D4C /* SceneDelegate.swift in Sources */ = {isa = PBXBuildFile; fileRef = B74263212448BEBA00597D4C /* SceneDelegate.swift */; };
		B74263242448BEBA00597D4C /* MainViewController.swift in Sources */ = {isa = PBXBuildFile; fileRef = B74263232448BEBA00597D4C /* MainViewController.swift */; };
		B74263272448BEBA00597D4C /* Main.storyboard in Resources */ = {isa = PBXBuildFile; fileRef = B74263252448BEBA00597D4C /* Main.storyboard */; };
		B742632A2448BEBA00597D4C /* ExpensesApp.xcdatamodeld in Sources */ = {isa = PBXBuildFile; fileRef = B74263282448BEBA00597D4C /* ExpensesApp.xcdatamodeld */; };
		B742632C2448BEC100597D4C /* Assets.xcassets in Resources */ = {isa = PBXBuildFile; fileRef = B742632B2448BEC100597D4C /* Assets.xcassets */; };
		B742632F2448BEC100597D4C /* LaunchScreen.storyboard in Resources */ = {isa = PBXBuildFile; fileRef = B742632D2448BEC100597D4C /* LaunchScreen.storyboard */; };
		B742633A2448BEC200597D4C /* ExpensesAppTests.swift in Sources */ = {isa = PBXBuildFile; fileRef = B74263392448BEC200597D4C /* ExpensesAppTests.swift */; };
		B74263452448BEC200597D4C /* ExpensesAppUITests.swift in Sources */ = {isa = PBXBuildFile; fileRef = B74263442448BEC200597D4C /* ExpensesAppUITests.swift */; };
		B74263532448BF5D00597D4C /* Constants.swift in Sources */ = {isa = PBXBuildFile; fileRef = B74263522448BF5D00597D4C /* Constants.swift */; };
		B74263572448E63800597D4C /* ExpenseCell.swift in Sources */ = {isa = PBXBuildFile; fileRef = B74263562448E63800597D4C /* ExpenseCell.swift */; };
		B74263592448FEE200597D4C /* CategoriesViewController.swift in Sources */ = {isa = PBXBuildFile; fileRef = B74263582448FEE200597D4C /* CategoriesViewController.swift */; };
		B7514C1A2457A664004639FC /* ReferenceBuget.swift in Sources */ = {isa = PBXBuildFile; fileRef = B7514C192457A664004639FC /* ReferenceBuget.swift */; };
		B7969D3F244B9D56007E69E9 /* LineChartView.swift in Sources */ = {isa = PBXBuildFile; fileRef = B7969D3E244B9D56007E69E9 /* LineChartView.swift */; };
		B7969D4A244C7B0E007E69E9 /* Scorestreak+CoreDataClass.swift in Sources */ = {isa = PBXBuildFile; fileRef = B7969D48244C7B0E007E69E9 /* Scorestreak+CoreDataClass.swift */; };
		B7969D4B244C7B0E007E69E9 /* Scorestreak+CoreDataProperties.swift in Sources */ = {isa = PBXBuildFile; fileRef = B7969D49244C7B0E007E69E9 /* Scorestreak+CoreDataProperties.swift */; };
		B7C83AED244F4A8D00089050 /* CurrencyCell.swift in Sources */ = {isa = PBXBuildFile; fileRef = B7C83AEC244F4A8D00089050 /* CurrencyCell.swift */; };
		B7C83AF0244F62F000089050 /* Settings+CoreDataClass.swift in Sources */ = {isa = PBXBuildFile; fileRef = B7C83AEE244F62F000089050 /* Settings+CoreDataClass.swift */; };
		B7C83AF1244F62F000089050 /* Settings+CoreDataProperties.swift in Sources */ = {isa = PBXBuildFile; fileRef = B7C83AEF244F62F000089050 /* Settings+CoreDataProperties.swift */; };
/* End PBXBuildFile section */

/* Begin PBXContainerItemProxy section */
		B74263362448BEC200597D4C /* PBXContainerItemProxy */ = {
			isa = PBXContainerItemProxy;
			containerPortal = B74263142448BEB900597D4C /* Project object */;
			proxyType = 1;
			remoteGlobalIDString = B742631B2448BEBA00597D4C;
			remoteInfo = ExpensesApp;
		};
		B74263412448BEC200597D4C /* PBXContainerItemProxy */ = {
			isa = PBXContainerItemProxy;
			containerPortal = B74263142448BEB900597D4C /* Project object */;
			proxyType = 1;
			remoteGlobalIDString = B742631B2448BEBA00597D4C;
			remoteInfo = ExpensesApp;
		};
/* End PBXContainerItemProxy section */

/* Begin PBXFileReference section */
		09094C017BFCAD5125B8DFCA /* Pods-ExpensesAppTests.debug.xcconfig */ = {isa = PBXFileReference; includeInIndex = 1; lastKnownFileType = text.xcconfig; name = "Pods-ExpensesAppTests.debug.xcconfig"; path = "Target Support Files/Pods-ExpensesAppTests/Pods-ExpensesAppTests.debug.xcconfig"; sourceTree = "<group>"; };
		0F625B0472DA99EDE79BE311 /* Pods_ExpensesApp_ExpensesAppUITests.framework */ = {isa = PBXFileReference; explicitFileType = wrapper.framework; includeInIndex = 0; path = Pods_ExpensesApp_ExpensesAppUITests.framework; sourceTree = BUILT_PRODUCTS_DIR; };
		70160C5DDD8CB203221EFD66 /* Pods_ExpensesAppTests.framework */ = {isa = PBXFileReference; explicitFileType = wrapper.framework; includeInIndex = 0; path = Pods_ExpensesAppTests.framework; sourceTree = BUILT_PRODUCTS_DIR; };
		78F7AC10A4D7315CCF5FFD54 /* Pods_ExpensesApp.framework */ = {isa = PBXFileReference; explicitFileType = wrapper.framework; includeInIndex = 0; path = Pods_ExpensesApp.framework; sourceTree = BUILT_PRODUCTS_DIR; };
		7E54F966244A0BE9003ABAA1 /* Preload.swift */ = {isa = PBXFileReference; lastKnownFileType = sourcecode.swift; path = Preload.swift; sourceTree = "<group>"; };
		7E54F968244A3AF1003ABAA1 /* AddCategoryViewController.swift */ = {isa = PBXFileReference; lastKnownFileType = sourcecode.swift; path = AddCategoryViewController.swift; sourceTree = "<group>"; };
		7E54F96A244A4126003ABAA1 /* AddCategoryCell.swift */ = {isa = PBXFileReference; lastKnownFileType = sourcecode.swift; path = AddCategoryCell.swift; sourceTree = "<group>"; };
		7E66B56A2453556E00F138C3 /* ExpenseCategory.swift */ = {isa = PBXFileReference; lastKnownFileType = sourcecode.swift; path = ExpenseCategory.swift; sourceTree = "<group>"; };
		7E66B56C2453870200F138C3 /* ExpensesApp.entitlements */ = {isa = PBXFileReference; lastKnownFileType = text.plist.entitlements; path = ExpensesApp.entitlements; sourceTree = "<group>"; };
		7E66B56D2453874700F138C3 /* CloudKit.framework */ = {isa = PBXFileReference; lastKnownFileType = wrapper.framework; name = CloudKit.framework; path = System/Library/Frameworks/CloudKit.framework; sourceTree = SDKROOT; };
		7E84C68F2449CA9400B2C657 /* SettingsViewController.swift */ = {isa = PBXFileReference; lastKnownFileType = sourcecode.swift; path = SettingsViewController.swift; sourceTree = "<group>"; };
		7EA3FCFA24498F5200B1AF10 /* CategoryCell.swift */ = {isa = PBXFileReference; lastKnownFileType = sourcecode.swift; path = CategoryCell.swift; sourceTree = "<group>"; };
		7EA3FD012449A83E00B1AF10 /* AddItemViewController.swift */ = {isa = PBXFileReference; lastKnownFileType = sourcecode.swift; path = AddItemViewController.swift; sourceTree = "<group>"; };
		7EA3FD032449BA4000B1AF10 /* CategoryCollectionCell.swift */ = {isa = PBXFileReference; lastKnownFileType = sourcecode.swift; path = CategoryCollectionCell.swift; sourceTree = "<group>"; };
		7EA3FD052449C27300B1AF10 /* StatisticsViewController.swift */ = {isa = PBXFileReference; lastKnownFileType = sourcecode.swift; path = StatisticsViewController.swift; sourceTree = "<group>"; };
		7EDC710B2449E107002CACDF /* Item+CoreDataClass.swift */ = {isa = PBXFileReference; lastKnownFileType = sourcecode.swift; path = "Item+CoreDataClass.swift"; sourceTree = SOURCE_ROOT; };
		7EDC710C2449E107002CACDF /* Item+CoreDataProperties.swift */ = {isa = PBXFileReference; lastKnownFileType = sourcecode.swift; path = "Item+CoreDataProperties.swift"; sourceTree = SOURCE_ROOT; };
		7EDC710D2449E107002CACDF /* Category+CoreDataClass.swift */ = {isa = PBXFileReference; lastKnownFileType = sourcecode.swift; path = "Category+CoreDataClass.swift"; sourceTree = SOURCE_ROOT; };
		7EDC710E2449E107002CACDF /* Category+CoreDataProperties.swift */ = {isa = PBXFileReference; lastKnownFileType = sourcecode.swift; path = "Category+CoreDataProperties.swift"; sourceTree = SOURCE_ROOT; };
		7EDC71162449E143002CACDF /* PersistenceManager.swift */ = {isa = PBXFileReference; lastKnownFileType = sourcecode.swift; path = PersistenceManager.swift; sourceTree = "<group>"; };
		82C3C508F7F33DD228A88BC1 /* Pods-ExpensesAppTests.release.xcconfig */ = {isa = PBXFileReference; includeInIndex = 1; lastKnownFileType = text.xcconfig; name = "Pods-ExpensesAppTests.release.xcconfig"; path = "Target Support Files/Pods-ExpensesAppTests/Pods-ExpensesAppTests.release.xcconfig"; sourceTree = "<group>"; };
		84600F1ED4C062903CD24551 /* Pods-ExpensesApp.release.xcconfig */ = {isa = PBXFileReference; includeInIndex = 1; lastKnownFileType = text.xcconfig; name = "Pods-ExpensesApp.release.xcconfig"; path = "Target Support Files/Pods-ExpensesApp/Pods-ExpensesApp.release.xcconfig"; sourceTree = "<group>"; };
		8B51D6E71CC05C77E8AB5106 /* Pods-ExpensesApp-ExpensesAppUITests.debug.xcconfig */ = {isa = PBXFileReference; includeInIndex = 1; lastKnownFileType = text.xcconfig; name = "Pods-ExpensesApp-ExpensesAppUITests.debug.xcconfig"; path = "Target Support Files/Pods-ExpensesApp-ExpensesAppUITests/Pods-ExpensesApp-ExpensesAppUITests.debug.xcconfig"; sourceTree = "<group>"; };
		B742631C2448BEBA00597D4C /* ExpensesApp.app */ = {isa = PBXFileReference; explicitFileType = wrapper.application; includeInIndex = 0; path = ExpensesApp.app; sourceTree = BUILT_PRODUCTS_DIR; };
		B742631F2448BEBA00597D4C /* AppDelegate.swift */ = {isa = PBXFileReference; lastKnownFileType = sourcecode.swift; path = AppDelegate.swift; sourceTree = "<group>"; };
		B74263212448BEBA00597D4C /* SceneDelegate.swift */ = {isa = PBXFileReference; lastKnownFileType = sourcecode.swift; path = SceneDelegate.swift; sourceTree = "<group>"; };
		B74263232448BEBA00597D4C /* MainViewController.swift */ = {isa = PBXFileReference; lastKnownFileType = sourcecode.swift; path = MainViewController.swift; sourceTree = "<group>"; };
		B74263262448BEBA00597D4C /* Base */ = {isa = PBXFileReference; lastKnownFileType = file.storyboard; name = Base; path = Base.lproj/Main.storyboard; sourceTree = "<group>"; };
		B74263292448BEBA00597D4C /* ExpensesApp.xcdatamodel */ = {isa = PBXFileReference; lastKnownFileType = wrapper.xcdatamodel; path = ExpensesApp.xcdatamodel; sourceTree = "<group>"; };
		B742632B2448BEC100597D4C /* Assets.xcassets */ = {isa = PBXFileReference; lastKnownFileType = folder.assetcatalog; path = Assets.xcassets; sourceTree = "<group>"; };
		B742632E2448BEC100597D4C /* Base */ = {isa = PBXFileReference; lastKnownFileType = file.storyboard; name = Base; path = Base.lproj/LaunchScreen.storyboard; sourceTree = "<group>"; };
		B74263302448BEC100597D4C /* Info.plist */ = {isa = PBXFileReference; lastKnownFileType = text.plist.xml; path = Info.plist; sourceTree = "<group>"; };
		B74263352448BEC200597D4C /* ExpensesAppTests.xctest */ = {isa = PBXFileReference; explicitFileType = wrapper.cfbundle; includeInIndex = 0; path = ExpensesAppTests.xctest; sourceTree = BUILT_PRODUCTS_DIR; };
		B74263392448BEC200597D4C /* ExpensesAppTests.swift */ = {isa = PBXFileReference; lastKnownFileType = sourcecode.swift; path = ExpensesAppTests.swift; sourceTree = "<group>"; };
		B742633B2448BEC200597D4C /* Info.plist */ = {isa = PBXFileReference; lastKnownFileType = text.plist.xml; path = Info.plist; sourceTree = "<group>"; };
		B74263402448BEC200597D4C /* ExpensesAppUITests.xctest */ = {isa = PBXFileReference; explicitFileType = wrapper.cfbundle; includeInIndex = 0; path = ExpensesAppUITests.xctest; sourceTree = BUILT_PRODUCTS_DIR; };
		B74263442448BEC200597D4C /* ExpensesAppUITests.swift */ = {isa = PBXFileReference; lastKnownFileType = sourcecode.swift; path = ExpensesAppUITests.swift; sourceTree = "<group>"; };
		B74263462448BEC200597D4C /* Info.plist */ = {isa = PBXFileReference; lastKnownFileType = text.plist.xml; path = Info.plist; sourceTree = "<group>"; };
		B74263522448BF5D00597D4C /* Constants.swift */ = {isa = PBXFileReference; lastKnownFileType = sourcecode.swift; path = Constants.swift; sourceTree = "<group>"; };
		B74263562448E63800597D4C /* ExpenseCell.swift */ = {isa = PBXFileReference; lastKnownFileType = sourcecode.swift; path = ExpenseCell.swift; sourceTree = "<group>"; };
		B74263582448FEE200597D4C /* CategoriesViewController.swift */ = {isa = PBXFileReference; lastKnownFileType = sourcecode.swift; path = CategoriesViewController.swift; sourceTree = "<group>"; };
		B7514C192457A664004639FC /* ReferenceBuget.swift */ = {isa = PBXFileReference; lastKnownFileType = sourcecode.swift; path = ReferenceBuget.swift; sourceTree = "<group>"; };
		B7969D3E244B9D56007E69E9 /* LineChartView.swift */ = {isa = PBXFileReference; lastKnownFileType = sourcecode.swift; path = LineChartView.swift; sourceTree = "<group>"; };
		B7969D48244C7B0E007E69E9 /* Scorestreak+CoreDataClass.swift */ = {isa = PBXFileReference; lastKnownFileType = sourcecode.swift; path = "Scorestreak+CoreDataClass.swift"; sourceTree = SOURCE_ROOT; };
		B7969D49244C7B0E007E69E9 /* Scorestreak+CoreDataProperties.swift */ = {isa = PBXFileReference; lastKnownFileType = sourcecode.swift; path = "Scorestreak+CoreDataProperties.swift"; sourceTree = SOURCE_ROOT; };
		B7C83AEC244F4A8D00089050 /* CurrencyCell.swift */ = {isa = PBXFileReference; lastKnownFileType = sourcecode.swift; path = CurrencyCell.swift; sourceTree = "<group>"; };
		B7C83AEE244F62F000089050 /* Settings+CoreDataClass.swift */ = {isa = PBXFileReference; lastKnownFileType = sourcecode.swift; path = "Settings+CoreDataClass.swift"; sourceTree = SOURCE_ROOT; };
		B7C83AEF244F62F000089050 /* Settings+CoreDataProperties.swift */ = {isa = PBXFileReference; lastKnownFileType = sourcecode.swift; path = "Settings+CoreDataProperties.swift"; sourceTree = SOURCE_ROOT; };
		B9A7077BDCAA92EEB6D8AA88 /* Pods-ExpensesApp.debug.xcconfig */ = {isa = PBXFileReference; includeInIndex = 1; lastKnownFileType = text.xcconfig; name = "Pods-ExpensesApp.debug.xcconfig"; path = "Target Support Files/Pods-ExpensesApp/Pods-ExpensesApp.debug.xcconfig"; sourceTree = "<group>"; };
		BC66C6A69425343E3FD32677 /* Pods-ExpensesApp-ExpensesAppUITests.release.xcconfig */ = {isa = PBXFileReference; includeInIndex = 1; lastKnownFileType = text.xcconfig; name = "Pods-ExpensesApp-ExpensesAppUITests.release.xcconfig"; path = "Target Support Files/Pods-ExpensesApp-ExpensesAppUITests/Pods-ExpensesApp-ExpensesAppUITests.release.xcconfig"; sourceTree = "<group>"; };
/* End PBXFileReference section */

/* Begin PBXFrameworksBuildPhase section */
		B74263192448BEBA00597D4C /* Frameworks */ = {
			isa = PBXFrameworksBuildPhase;
			buildActionMask = 2147483647;
			files = (
				4E1DEAB0115FFD8D82F13AEF /* Pods_ExpensesApp.framework in Frameworks */,
				7E66B56E2453874700F138C3 /* CloudKit.framework in Frameworks */,
			);
			runOnlyForDeploymentPostprocessing = 0;
		};
		B74263322448BEC200597D4C /* Frameworks */ = {
			isa = PBXFrameworksBuildPhase;
			buildActionMask = 2147483647;
			files = (
				3A25C0B5AB1E5ECC2331B5CC /* Pods_ExpensesAppTests.framework in Frameworks */,
			);
			runOnlyForDeploymentPostprocessing = 0;
		};
		B742633D2448BEC200597D4C /* Frameworks */ = {
			isa = PBXFrameworksBuildPhase;
			buildActionMask = 2147483647;
			files = (
				531DB9B979E5F7F3AE01E2C8 /* Pods_ExpensesApp_ExpensesAppUITests.framework in Frameworks */,
			);
			runOnlyForDeploymentPostprocessing = 0;
		};
/* End PBXFrameworksBuildPhase section */

/* Begin PBXGroup section */
		531626926858E59C7F21523F /* Pods */ = {
			isa = PBXGroup;
			children = (
				B9A7077BDCAA92EEB6D8AA88 /* Pods-ExpensesApp.debug.xcconfig */,
				84600F1ED4C062903CD24551 /* Pods-ExpensesApp.release.xcconfig */,
				8B51D6E71CC05C77E8AB5106 /* Pods-ExpensesApp-ExpensesAppUITests.debug.xcconfig */,
				BC66C6A69425343E3FD32677 /* Pods-ExpensesApp-ExpensesAppUITests.release.xcconfig */,
				09094C017BFCAD5125B8DFCA /* Pods-ExpensesAppTests.debug.xcconfig */,
				82C3C508F7F33DD228A88BC1 /* Pods-ExpensesAppTests.release.xcconfig */,
			);
			path = Pods;
			sourceTree = "<group>";
		};
		78F5815B91C6822F9B6DC15F /* Frameworks */ = {
			isa = PBXGroup;
			children = (
				7E66B56D2453874700F138C3 /* CloudKit.framework */,
				78F7AC10A4D7315CCF5FFD54 /* Pods_ExpensesApp.framework */,
				0F625B0472DA99EDE79BE311 /* Pods_ExpensesApp_ExpensesAppUITests.framework */,
				70160C5DDD8CB203221EFD66 /* Pods_ExpensesAppTests.framework */,
			);
			name = Frameworks;
			sourceTree = "<group>";
		};
		7EA3FCFC24499C8900B1AF10 /* Model */ = {
			isa = PBXGroup;
			children = (
				B7C83AEE244F62F000089050 /* Settings+CoreDataClass.swift */,
				B7C83AEF244F62F000089050 /* Settings+CoreDataProperties.swift */,
				B7969D48244C7B0E007E69E9 /* Scorestreak+CoreDataClass.swift */,
				B7969D49244C7B0E007E69E9 /* Scorestreak+CoreDataProperties.swift */,
				7EDC710B2449E107002CACDF /* Item+CoreDataClass.swift */,
				7EDC710C2449E107002CACDF /* Item+CoreDataProperties.swift */,
				7EDC710D2449E107002CACDF /* Category+CoreDataClass.swift */,
				7EDC710E2449E107002CACDF /* Category+CoreDataProperties.swift */,
				B74263282448BEBA00597D4C /* ExpensesApp.xcdatamodeld */,
				7E66B56A2453556E00F138C3 /* ExpenseCategory.swift */,
				B7514C192457A664004639FC /* ReferenceBuget.swift */,
			);
			path = Model;
			sourceTree = "<group>";
		};
		7EA3FCFD24499C8E00B1AF10 /* View */ = {
			isa = PBXGroup;
			children = (
				B74263562448E63800597D4C /* ExpenseCell.swift */,
				7EA3FCFA24498F5200B1AF10 /* CategoryCell.swift */,
				7E54F96A244A4126003ABAA1 /* AddCategoryCell.swift */,
				7EA3FD032449BA4000B1AF10 /* CategoryCollectionCell.swift */,
				B7969D3E244B9D56007E69E9 /* LineChartView.swift */,
				B7C83AEB244F4A7100089050 /* Setting Cells */,
			);
			path = View;
			sourceTree = "<group>";
		};
		7EA3FCFE24499C9500B1AF10 /* Controller */ = {
			isa = PBXGroup;
			children = (
				B74263232448BEBA00597D4C /* MainViewController.swift */,
				B74263582448FEE200597D4C /* CategoriesViewController.swift */,
				7E54F968244A3AF1003ABAA1 /* AddCategoryViewController.swift */,
				7EA3FD012449A83E00B1AF10 /* AddItemViewController.swift */,
				7EA3FD052449C27300B1AF10 /* StatisticsViewController.swift */,
				7E84C68F2449CA9400B2C657 /* SettingsViewController.swift */,
			);
			path = Controller;
			sourceTree = "<group>";
		};
		7EA3FCFF24499CA800B1AF10 /* Helpers */ = {
			isa = PBXGroup;
			children = (
				B74263522448BF5D00597D4C /* Constants.swift */,
				7E54F966244A0BE9003ABAA1 /* Preload.swift */,
			);
			path = Helpers;
			sourceTree = "<group>";
		};
		7EA3FD0024499CCC00B1AF10 /* Utilities */ = {
			isa = PBXGroup;
			children = (
				B742631F2448BEBA00597D4C /* AppDelegate.swift */,
				B74263212448BEBA00597D4C /* SceneDelegate.swift */,
				B742632B2448BEC100597D4C /* Assets.xcassets */,
				B742632D2448BEC100597D4C /* LaunchScreen.storyboard */,
				B74263302448BEC100597D4C /* Info.plist */,
			);
			path = Utilities;
			sourceTree = "<group>";
		};
		7EDC71152449E135002CACDF /* Managers */ = {
			isa = PBXGroup;
			children = (
				7EDC71162449E143002CACDF /* PersistenceManager.swift */,
			);
			path = Managers;
			sourceTree = "<group>";
		};
		B74263132448BEB900597D4C = {
			isa = PBXGroup;
			children = (
				B742631E2448BEBA00597D4C /* ExpensesApp */,
				B74263382448BEC200597D4C /* ExpensesAppTests */,
				B74263432448BEC200597D4C /* ExpensesAppUITests */,
				B742631D2448BEBA00597D4C /* Products */,
				531626926858E59C7F21523F /* Pods */,
				78F5815B91C6822F9B6DC15F /* Frameworks */,
			);
			sourceTree = "<group>";
		};
		B742631D2448BEBA00597D4C /* Products */ = {
			isa = PBXGroup;
			children = (
				B742631C2448BEBA00597D4C /* ExpensesApp.app */,
				B74263352448BEC200597D4C /* ExpensesAppTests.xctest */,
				B74263402448BEC200597D4C /* ExpensesAppUITests.xctest */,
			);
			name = Products;
			sourceTree = "<group>";
		};
		B742631E2448BEBA00597D4C /* ExpensesApp */ = {
			isa = PBXGroup;
			children = (
				7E66B56C2453870200F138C3 /* ExpensesApp.entitlements */,
				7EA3FCFC24499C8900B1AF10 /* Model */,
				7EA3FCFD24499C8E00B1AF10 /* View */,
				7EA3FCFE24499C9500B1AF10 /* Controller */,
				B74263252448BEBA00597D4C /* Main.storyboard */,
				7EDC71152449E135002CACDF /* Managers */,
				7EA3FD0024499CCC00B1AF10 /* Utilities */,
				7EA3FCFF24499CA800B1AF10 /* Helpers */,
			);
			path = ExpensesApp;
			sourceTree = "<group>";
		};
		B74263382448BEC200597D4C /* ExpensesAppTests */ = {
			isa = PBXGroup;
			children = (
				B74263392448BEC200597D4C /* ExpensesAppTests.swift */,
				B742633B2448BEC200597D4C /* Info.plist */,
			);
			path = ExpensesAppTests;
			sourceTree = "<group>";
		};
		B74263432448BEC200597D4C /* ExpensesAppUITests */ = {
			isa = PBXGroup;
			children = (
				B74263442448BEC200597D4C /* ExpensesAppUITests.swift */,
				B74263462448BEC200597D4C /* Info.plist */,
			);
			path = ExpensesAppUITests;
			sourceTree = "<group>";
		};
		B7C83AEB244F4A7100089050 /* Setting Cells */ = {
			isa = PBXGroup;
			children = (
				B7C83AEC244F4A8D00089050 /* CurrencyCell.swift */,
			);
			path = "Setting Cells";
			sourceTree = "<group>";
		};
/* End PBXGroup section */

/* Begin PBXNativeTarget section */
		B742631B2448BEBA00597D4C /* ExpensesApp */ = {
			isa = PBXNativeTarget;
			buildConfigurationList = B74263492448BEC200597D4C /* Build configuration list for PBXNativeTarget "ExpensesApp" */;
			buildPhases = (
				FC4F91E0E77B41527991D358 /* [CP] Check Pods Manifest.lock */,
				B74263182448BEBA00597D4C /* Sources */,
				B74263192448BEBA00597D4C /* Frameworks */,
				B742631A2448BEBA00597D4C /* Resources */,
				AB0D27040F7FC97001C9CD95 /* [CP] Embed Pods Frameworks */,
			);
			buildRules = (
			);
			dependencies = (
			);
			name = ExpensesApp;
			productName = ExpensesApp;
			productReference = B742631C2448BEBA00597D4C /* ExpensesApp.app */;
			productType = "com.apple.product-type.application";
		};
		B74263342448BEC200597D4C /* ExpensesAppTests */ = {
			isa = PBXNativeTarget;
			buildConfigurationList = B742634C2448BEC200597D4C /* Build configuration list for PBXNativeTarget "ExpensesAppTests" */;
			buildPhases = (
				BF7DC5852E606517F9334C7F /* [CP] Check Pods Manifest.lock */,
				B74263312448BEC200597D4C /* Sources */,
				B74263322448BEC200597D4C /* Frameworks */,
				B74263332448BEC200597D4C /* Resources */,
			);
			buildRules = (
			);
			dependencies = (
				B74263372448BEC200597D4C /* PBXTargetDependency */,
			);
			name = ExpensesAppTests;
			productName = ExpensesAppTests;
			productReference = B74263352448BEC200597D4C /* ExpensesAppTests.xctest */;
			productType = "com.apple.product-type.bundle.unit-test";
		};
		B742633F2448BEC200597D4C /* ExpensesAppUITests */ = {
			isa = PBXNativeTarget;
			buildConfigurationList = B742634F2448BEC200597D4C /* Build configuration list for PBXNativeTarget "ExpensesAppUITests" */;
			buildPhases = (
				4E8BFA93DDB8651E45C76888 /* [CP] Check Pods Manifest.lock */,
				B742633C2448BEC200597D4C /* Sources */,
				B742633D2448BEC200597D4C /* Frameworks */,
				B742633E2448BEC200597D4C /* Resources */,
				F4DA0C628636C25EE5FBFB7A /* [CP] Embed Pods Frameworks */,
			);
			buildRules = (
			);
			dependencies = (
				B74263422448BEC200597D4C /* PBXTargetDependency */,
			);
			name = ExpensesAppUITests;
			productName = ExpensesAppUITests;
			productReference = B74263402448BEC200597D4C /* ExpensesAppUITests.xctest */;
			productType = "com.apple.product-type.bundle.ui-testing";
		};
/* End PBXNativeTarget section */

/* Begin PBXProject section */
		B74263142448BEB900597D4C /* Project object */ = {
			isa = PBXProject;
			attributes = {
				LastSwiftUpdateCheck = 1140;
				LastUpgradeCheck = 1140;
				ORGANIZATIONNAME = "Rolf Kristian Andreassen";
				TargetAttributes = {
					B742631B2448BEBA00597D4C = {
						CreatedOnToolsVersion = 11.4;
					};
					B74263342448BEC200597D4C = {
						CreatedOnToolsVersion = 11.4;
						TestTargetID = B742631B2448BEBA00597D4C;
					};
					B742633F2448BEC200597D4C = {
						CreatedOnToolsVersion = 11.4;
						TestTargetID = B742631B2448BEBA00597D4C;
					};
				};
			};
			buildConfigurationList = B74263172448BEBA00597D4C /* Build configuration list for PBXProject "ExpensesApp" */;
			compatibilityVersion = "Xcode 9.3";
			developmentRegion = en;
			hasScannedForEncodings = 0;
			knownRegions = (
				en,
				Base,
			);
			mainGroup = B74263132448BEB900597D4C;
			productRefGroup = B742631D2448BEBA00597D4C /* Products */;
			projectDirPath = "";
			projectRoot = "";
			targets = (
				B742631B2448BEBA00597D4C /* ExpensesApp */,
				B74263342448BEC200597D4C /* ExpensesAppTests */,
				B742633F2448BEC200597D4C /* ExpensesAppUITests */,
			);
		};
/* End PBXProject section */

/* Begin PBXResourcesBuildPhase section */
		B742631A2448BEBA00597D4C /* Resources */ = {
			isa = PBXResourcesBuildPhase;
			buildActionMask = 2147483647;
			files = (
				B742632F2448BEC100597D4C /* LaunchScreen.storyboard in Resources */,
				B742632C2448BEC100597D4C /* Assets.xcassets in Resources */,
				B74263272448BEBA00597D4C /* Main.storyboard in Resources */,
			);
			runOnlyForDeploymentPostprocessing = 0;
		};
		B74263332448BEC200597D4C /* Resources */ = {
			isa = PBXResourcesBuildPhase;
			buildActionMask = 2147483647;
			files = (
			);
			runOnlyForDeploymentPostprocessing = 0;
		};
		B742633E2448BEC200597D4C /* Resources */ = {
			isa = PBXResourcesBuildPhase;
			buildActionMask = 2147483647;
			files = (
			);
			runOnlyForDeploymentPostprocessing = 0;
		};
/* End PBXResourcesBuildPhase section */

/* Begin PBXShellScriptBuildPhase section */
		4E8BFA93DDB8651E45C76888 /* [CP] Check Pods Manifest.lock */ = {
			isa = PBXShellScriptBuildPhase;
			buildActionMask = 2147483647;
			files = (
			);
			inputFileListPaths = (
			);
			inputPaths = (
				"${PODS_PODFILE_DIR_PATH}/Podfile.lock",
				"${PODS_ROOT}/Manifest.lock",
			);
			name = "[CP] Check Pods Manifest.lock";
			outputFileListPaths = (
			);
			outputPaths = (
				"$(DERIVED_FILE_DIR)/Pods-ExpensesApp-ExpensesAppUITests-checkManifestLockResult.txt",
			);
			runOnlyForDeploymentPostprocessing = 0;
			shellPath = /bin/sh;
			shellScript = "diff \"${PODS_PODFILE_DIR_PATH}/Podfile.lock\" \"${PODS_ROOT}/Manifest.lock\" > /dev/null\nif [ $? != 0 ] ; then\n    # print error to STDERR\n    echo \"error: The sandbox is not in sync with the Podfile.lock. Run 'pod install' or update your CocoaPods installation.\" >&2\n    exit 1\nfi\n# This output is used by Xcode 'outputs' to avoid re-running this script phase.\necho \"SUCCESS\" > \"${SCRIPT_OUTPUT_FILE_0}\"\n";
			showEnvVarsInLog = 0;
		};
		AB0D27040F7FC97001C9CD95 /* [CP] Embed Pods Frameworks */ = {
			isa = PBXShellScriptBuildPhase;
			buildActionMask = 2147483647;
			files = (
			);
			inputFileListPaths = (
				"${PODS_ROOT}/Target Support Files/Pods-ExpensesApp/Pods-ExpensesApp-frameworks-${CONFIGURATION}-input-files.xcfilelist",
			);
			name = "[CP] Embed Pods Frameworks";
			outputFileListPaths = (
				"${PODS_ROOT}/Target Support Files/Pods-ExpensesApp/Pods-ExpensesApp-frameworks-${CONFIGURATION}-output-files.xcfilelist",
			);
			runOnlyForDeploymentPostprocessing = 0;
			shellPath = /bin/sh;
			shellScript = "\"${PODS_ROOT}/Target Support Files/Pods-ExpensesApp/Pods-ExpensesApp-frameworks.sh\"\n";
			showEnvVarsInLog = 0;
		};
		BF7DC5852E606517F9334C7F /* [CP] Check Pods Manifest.lock */ = {
			isa = PBXShellScriptBuildPhase;
			buildActionMask = 2147483647;
			files = (
			);
			inputFileListPaths = (
			);
			inputPaths = (
				"${PODS_PODFILE_DIR_PATH}/Podfile.lock",
				"${PODS_ROOT}/Manifest.lock",
			);
			name = "[CP] Check Pods Manifest.lock";
			outputFileListPaths = (
			);
			outputPaths = (
				"$(DERIVED_FILE_DIR)/Pods-ExpensesAppTests-checkManifestLockResult.txt",
			);
			runOnlyForDeploymentPostprocessing = 0;
			shellPath = /bin/sh;
			shellScript = "diff \"${PODS_PODFILE_DIR_PATH}/Podfile.lock\" \"${PODS_ROOT}/Manifest.lock\" > /dev/null\nif [ $? != 0 ] ; then\n    # print error to STDERR\n    echo \"error: The sandbox is not in sync with the Podfile.lock. Run 'pod install' or update your CocoaPods installation.\" >&2\n    exit 1\nfi\n# This output is used by Xcode 'outputs' to avoid re-running this script phase.\necho \"SUCCESS\" > \"${SCRIPT_OUTPUT_FILE_0}\"\n";
			showEnvVarsInLog = 0;
		};
		F4DA0C628636C25EE5FBFB7A /* [CP] Embed Pods Frameworks */ = {
			isa = PBXShellScriptBuildPhase;
			buildActionMask = 2147483647;
			files = (
			);
			inputFileListPaths = (
				"${PODS_ROOT}/Target Support Files/Pods-ExpensesApp-ExpensesAppUITests/Pods-ExpensesApp-ExpensesAppUITests-frameworks-${CONFIGURATION}-input-files.xcfilelist",
			);
			name = "[CP] Embed Pods Frameworks";
			outputFileListPaths = (
				"${PODS_ROOT}/Target Support Files/Pods-ExpensesApp-ExpensesAppUITests/Pods-ExpensesApp-ExpensesAppUITests-frameworks-${CONFIGURATION}-output-files.xcfilelist",
			);
			runOnlyForDeploymentPostprocessing = 0;
			shellPath = /bin/sh;
			shellScript = "\"${PODS_ROOT}/Target Support Files/Pods-ExpensesApp-ExpensesAppUITests/Pods-ExpensesApp-ExpensesAppUITests-frameworks.sh\"\n";
			showEnvVarsInLog = 0;
		};
		FC4F91E0E77B41527991D358 /* [CP] Check Pods Manifest.lock */ = {
			isa = PBXShellScriptBuildPhase;
			buildActionMask = 2147483647;
			files = (
			);
			inputFileListPaths = (
			);
			inputPaths = (
				"${PODS_PODFILE_DIR_PATH}/Podfile.lock",
				"${PODS_ROOT}/Manifest.lock",
			);
			name = "[CP] Check Pods Manifest.lock";
			outputFileListPaths = (
			);
			outputPaths = (
				"$(DERIVED_FILE_DIR)/Pods-ExpensesApp-checkManifestLockResult.txt",
			);
			runOnlyForDeploymentPostprocessing = 0;
			shellPath = /bin/sh;
			shellScript = "diff \"${PODS_PODFILE_DIR_PATH}/Podfile.lock\" \"${PODS_ROOT}/Manifest.lock\" > /dev/null\nif [ $? != 0 ] ; then\n    # print error to STDERR\n    echo \"error: The sandbox is not in sync with the Podfile.lock. Run 'pod install' or update your CocoaPods installation.\" >&2\n    exit 1\nfi\n# This output is used by Xcode 'outputs' to avoid re-running this script phase.\necho \"SUCCESS\" > \"${SCRIPT_OUTPUT_FILE_0}\"\n";
			showEnvVarsInLog = 0;
		};
/* End PBXShellScriptBuildPhase section */

/* Begin PBXSourcesBuildPhase section */
		B74263182448BEBA00597D4C /* Sources */ = {
			isa = PBXSourcesBuildPhase;
			buildActionMask = 2147483647;
			files = (
				B7C83AED244F4A8D00089050 /* CurrencyCell.swift in Sources */,
				7EDC71112449E107002CACDF /* Item+CoreDataClass.swift in Sources */,
				7E66B56B2453556E00F138C3 /* ExpenseCategory.swift in Sources */,
				7EDC71142449E107002CACDF /* Category+CoreDataProperties.swift in Sources */,
				B74263532448BF5D00597D4C /* Constants.swift in Sources */,
				7EDC71132449E107002CACDF /* Category+CoreDataClass.swift in Sources */,
				7E54F967244A0BE9003ABAA1 /* Preload.swift in Sources */,
				B7514C1A2457A664004639FC /* ReferenceBuget.swift in Sources */,
				B7C83AF1244F62F000089050 /* Settings+CoreDataProperties.swift in Sources */,
				7EDC71122449E107002CACDF /* Item+CoreDataProperties.swift in Sources */,
				B742632A2448BEBA00597D4C /* ExpensesApp.xcdatamodeld in Sources */,
				7E54F969244A3AF1003ABAA1 /* AddCategoryViewController.swift in Sources */,
				B74263242448BEBA00597D4C /* MainViewController.swift in Sources */,
				7EA3FCFB24498F5200B1AF10 /* CategoryCell.swift in Sources */,
				B7C83AF0244F62F000089050 /* Settings+CoreDataClass.swift in Sources */,
				B7969D4A244C7B0E007E69E9 /* Scorestreak+CoreDataClass.swift in Sources */,
				B74263572448E63800597D4C /* ExpenseCell.swift in Sources */,
				7EA3FD062449C27300B1AF10 /* StatisticsViewController.swift in Sources */,
				7EA3FD042449BA4000B1AF10 /* CategoryCollectionCell.swift in Sources */,
				B74263202448BEBA00597D4C /* AppDelegate.swift in Sources */,
				7EA3FD022449A83E00B1AF10 /* AddItemViewController.swift in Sources */,
				B74263592448FEE200597D4C /* CategoriesViewController.swift in Sources */,
				B74263222448BEBA00597D4C /* SceneDelegate.swift in Sources */,
				B7969D3F244B9D56007E69E9 /* LineChartView.swift in Sources */,
				7EDC71172449E143002CACDF /* PersistenceManager.swift in Sources */,
				7E84C6902449CA9400B2C657 /* SettingsViewController.swift in Sources */,
				B7969D4B244C7B0E007E69E9 /* Scorestreak+CoreDataProperties.swift in Sources */,
				7E54F96B244A4126003ABAA1 /* AddCategoryCell.swift in Sources */,
			);
			runOnlyForDeploymentPostprocessing = 0;
		};
		B74263312448BEC200597D4C /* Sources */ = {
			isa = PBXSourcesBuildPhase;
			buildActionMask = 2147483647;
			files = (
				B742633A2448BEC200597D4C /* ExpensesAppTests.swift in Sources */,
			);
			runOnlyForDeploymentPostprocessing = 0;
		};
		B742633C2448BEC200597D4C /* Sources */ = {
			isa = PBXSourcesBuildPhase;
			buildActionMask = 2147483647;
			files = (
				B74263452448BEC200597D4C /* ExpensesAppUITests.swift in Sources */,
			);
			runOnlyForDeploymentPostprocessing = 0;
		};
/* End PBXSourcesBuildPhase section */

/* Begin PBXTargetDependency section */
		B74263372448BEC200597D4C /* PBXTargetDependency */ = {
			isa = PBXTargetDependency;
			target = B742631B2448BEBA00597D4C /* ExpensesApp */;
			targetProxy = B74263362448BEC200597D4C /* PBXContainerItemProxy */;
		};
		B74263422448BEC200597D4C /* PBXTargetDependency */ = {
			isa = PBXTargetDependency;
			target = B742631B2448BEBA00597D4C /* ExpensesApp */;
			targetProxy = B74263412448BEC200597D4C /* PBXContainerItemProxy */;
		};
/* End PBXTargetDependency section */

/* Begin PBXVariantGroup section */
		B74263252448BEBA00597D4C /* Main.storyboard */ = {
			isa = PBXVariantGroup;
			children = (
				B74263262448BEBA00597D4C /* Base */,
			);
			name = Main.storyboard;
			sourceTree = "<group>";
		};
		B742632D2448BEC100597D4C /* LaunchScreen.storyboard */ = {
			isa = PBXVariantGroup;
			children = (
				B742632E2448BEC100597D4C /* Base */,
			);
			name = LaunchScreen.storyboard;
			sourceTree = "<group>";
		};
/* End PBXVariantGroup section */

/* Begin XCBuildConfiguration section */
		B74263472448BEC200597D4C /* Debug */ = {
			isa = XCBuildConfiguration;
			buildSettings = {
				ALWAYS_SEARCH_USER_PATHS = NO;
				CLANG_ANALYZER_NONNULL = YES;
				CLANG_ANALYZER_NUMBER_OBJECT_CONVERSION = YES_AGGRESSIVE;
				CLANG_CXX_LANGUAGE_STANDARD = "gnu++14";
				CLANG_CXX_LIBRARY = "libc++";
				CLANG_ENABLE_MODULES = YES;
				CLANG_ENABLE_OBJC_ARC = YES;
				CLANG_ENABLE_OBJC_WEAK = YES;
				CLANG_WARN_BLOCK_CAPTURE_AUTORELEASING = YES;
				CLANG_WARN_BOOL_CONVERSION = YES;
				CLANG_WARN_COMMA = YES;
				CLANG_WARN_CONSTANT_CONVERSION = YES;
				CLANG_WARN_DEPRECATED_OBJC_IMPLEMENTATIONS = YES;
				CLANG_WARN_DIRECT_OBJC_ISA_USAGE = YES_ERROR;
				CLANG_WARN_DOCUMENTATION_COMMENTS = YES;
				CLANG_WARN_EMPTY_BODY = YES;
				CLANG_WARN_ENUM_CONVERSION = YES;
				CLANG_WARN_INFINITE_RECURSION = YES;
				CLANG_WARN_INT_CONVERSION = YES;
				CLANG_WARN_NON_LITERAL_NULL_CONVERSION = YES;
				CLANG_WARN_OBJC_IMPLICIT_RETAIN_SELF = YES;
				CLANG_WARN_OBJC_LITERAL_CONVERSION = YES;
				CLANG_WARN_OBJC_ROOT_CLASS = YES_ERROR;
				CLANG_WARN_RANGE_LOOP_ANALYSIS = YES;
				CLANG_WARN_STRICT_PROTOTYPES = YES;
				CLANG_WARN_SUSPICIOUS_MOVE = YES;
				CLANG_WARN_UNGUARDED_AVAILABILITY = YES_AGGRESSIVE;
				CLANG_WARN_UNREACHABLE_CODE = YES;
				CLANG_WARN__DUPLICATE_METHOD_MATCH = YES;
				COPY_PHASE_STRIP = NO;
				DEBUG_INFORMATION_FORMAT = dwarf;
				ENABLE_STRICT_OBJC_MSGSEND = YES;
				ENABLE_TESTABILITY = YES;
				GCC_C_LANGUAGE_STANDARD = gnu11;
				GCC_DYNAMIC_NO_PIC = NO;
				GCC_NO_COMMON_BLOCKS = YES;
				GCC_OPTIMIZATION_LEVEL = 0;
				GCC_PREPROCESSOR_DEFINITIONS = (
					"DEBUG=1",
					"$(inherited)",
				);
				GCC_WARN_64_TO_32_BIT_CONVERSION = YES;
				GCC_WARN_ABOUT_RETURN_TYPE = YES_ERROR;
				GCC_WARN_UNDECLARED_SELECTOR = YES;
				GCC_WARN_UNINITIALIZED_AUTOS = YES_AGGRESSIVE;
				GCC_WARN_UNUSED_FUNCTION = YES;
				GCC_WARN_UNUSED_VARIABLE = YES;
				IPHONEOS_DEPLOYMENT_TARGET = 13.4;
				MTL_ENABLE_DEBUG_INFO = INCLUDE_SOURCE;
				MTL_FAST_MATH = YES;
				ONLY_ACTIVE_ARCH = YES;
				SDKROOT = iphoneos;
				SWIFT_ACTIVE_COMPILATION_CONDITIONS = DEBUG;
				SWIFT_OPTIMIZATION_LEVEL = "-Onone";
			};
			name = Debug;
		};
		B74263482448BEC200597D4C /* Release */ = {
			isa = XCBuildConfiguration;
			buildSettings = {
				ALWAYS_SEARCH_USER_PATHS = NO;
				CLANG_ANALYZER_NONNULL = YES;
				CLANG_ANALYZER_NUMBER_OBJECT_CONVERSION = YES_AGGRESSIVE;
				CLANG_CXX_LANGUAGE_STANDARD = "gnu++14";
				CLANG_CXX_LIBRARY = "libc++";
				CLANG_ENABLE_MODULES = YES;
				CLANG_ENABLE_OBJC_ARC = YES;
				CLANG_ENABLE_OBJC_WEAK = YES;
				CLANG_WARN_BLOCK_CAPTURE_AUTORELEASING = YES;
				CLANG_WARN_BOOL_CONVERSION = YES;
				CLANG_WARN_COMMA = YES;
				CLANG_WARN_CONSTANT_CONVERSION = YES;
				CLANG_WARN_DEPRECATED_OBJC_IMPLEMENTATIONS = YES;
				CLANG_WARN_DIRECT_OBJC_ISA_USAGE = YES_ERROR;
				CLANG_WARN_DOCUMENTATION_COMMENTS = YES;
				CLANG_WARN_EMPTY_BODY = YES;
				CLANG_WARN_ENUM_CONVERSION = YES;
				CLANG_WARN_INFINITE_RECURSION = YES;
				CLANG_WARN_INT_CONVERSION = YES;
				CLANG_WARN_NON_LITERAL_NULL_CONVERSION = YES;
				CLANG_WARN_OBJC_IMPLICIT_RETAIN_SELF = YES;
				CLANG_WARN_OBJC_LITERAL_CONVERSION = YES;
				CLANG_WARN_OBJC_ROOT_CLASS = YES_ERROR;
				CLANG_WARN_RANGE_LOOP_ANALYSIS = YES;
				CLANG_WARN_STRICT_PROTOTYPES = YES;
				CLANG_WARN_SUSPICIOUS_MOVE = YES;
				CLANG_WARN_UNGUARDED_AVAILABILITY = YES_AGGRESSIVE;
				CLANG_WARN_UNREACHABLE_CODE = YES;
				CLANG_WARN__DUPLICATE_METHOD_MATCH = YES;
				COPY_PHASE_STRIP = NO;
				DEBUG_INFORMATION_FORMAT = "dwarf-with-dsym";
				ENABLE_NS_ASSERTIONS = NO;
				ENABLE_STRICT_OBJC_MSGSEND = YES;
				GCC_C_LANGUAGE_STANDARD = gnu11;
				GCC_NO_COMMON_BLOCKS = YES;
				GCC_WARN_64_TO_32_BIT_CONVERSION = YES;
				GCC_WARN_ABOUT_RETURN_TYPE = YES_ERROR;
				GCC_WARN_UNDECLARED_SELECTOR = YES;
				GCC_WARN_UNINITIALIZED_AUTOS = YES_AGGRESSIVE;
				GCC_WARN_UNUSED_FUNCTION = YES;
				GCC_WARN_UNUSED_VARIABLE = YES;
				IPHONEOS_DEPLOYMENT_TARGET = 13.4;
				MTL_ENABLE_DEBUG_INFO = NO;
				MTL_FAST_MATH = YES;
				SDKROOT = iphoneos;
				SWIFT_COMPILATION_MODE = wholemodule;
				SWIFT_OPTIMIZATION_LEVEL = "-O";
				VALIDATE_PRODUCT = YES;
			};
			name = Release;
		};
		B742634A2448BEC200597D4C /* Debug */ = {
			isa = XCBuildConfiguration;
			baseConfigurationReference = B9A7077BDCAA92EEB6D8AA88 /* Pods-ExpensesApp.debug.xcconfig */;
			buildSettings = {
				ASSETCATALOG_COMPILER_APPICON_NAME = AppIcon;
				CODE_SIGN_ENTITLEMENTS = ExpensesApp/ExpensesApp.entitlements;
				CODE_SIGN_STYLE = Automatic;
				DEVELOPMENT_TEAM = 3H92NGE9SW;
				INFOPLIST_FILE = ExpensesApp/Utilities/Info.plist;
				IPHONEOS_DEPLOYMENT_TARGET = 13.0;
				LD_RUNPATH_SEARCH_PATHS = (
					"$(inherited)",
					"@executable_path/Frameworks",
				);
				PRODUCT_BUNDLE_IDENTIFIER = com.RolfK.ExpensesApp;
				PRODUCT_NAME = "$(TARGET_NAME)";
				SWIFT_VERSION = 5.0;
				TARGETED_DEVICE_FAMILY = 1;
			};
			name = Debug;
		};
		B742634B2448BEC200597D4C /* Release */ = {
			isa = XCBuildConfiguration;
			baseConfigurationReference = 84600F1ED4C062903CD24551 /* Pods-ExpensesApp.release.xcconfig */;
			buildSettings = {
				ASSETCATALOG_COMPILER_APPICON_NAME = AppIcon;
				CODE_SIGN_ENTITLEMENTS = ExpensesApp/ExpensesApp.entitlements;
				CODE_SIGN_STYLE = Automatic;
				DEVELOPMENT_TEAM = 3H92NGE9SW;
				INFOPLIST_FILE = ExpensesApp/Utilities/Info.plist;
				IPHONEOS_DEPLOYMENT_TARGET = 13.0;
				LD_RUNPATH_SEARCH_PATHS = (
					"$(inherited)",
					"@executable_path/Frameworks",
				);
				PRODUCT_BUNDLE_IDENTIFIER = com.RolfK.ExpensesApp;
				PRODUCT_NAME = "$(TARGET_NAME)";
				SWIFT_VERSION = 5.0;
				TARGETED_DEVICE_FAMILY = 1;
			};
			name = Release;
		};
		B742634D2448BEC200597D4C /* Debug */ = {
			isa = XCBuildConfiguration;
			baseConfigurationReference = 09094C017BFCAD5125B8DFCA /* Pods-ExpensesAppTests.debug.xcconfig */;
			buildSettings = {
				ALWAYS_EMBED_SWIFT_STANDARD_LIBRARIES = YES;
				BUNDLE_LOADER = "$(TEST_HOST)";
				CODE_SIGN_STYLE = Automatic;
				DEVELOPMENT_TEAM = 3H92NGE9SW;
				INFOPLIST_FILE = ExpensesAppTests/Info.plist;
				IPHONEOS_DEPLOYMENT_TARGET = 13.4;
				LD_RUNPATH_SEARCH_PATHS = (
					"$(inherited)",
					"@executable_path/Frameworks",
					"@loader_path/Frameworks",
				);
				PRODUCT_BUNDLE_IDENTIFIER = com.RolfK.ExpensesAppTests;
				PRODUCT_NAME = "$(TARGET_NAME)";
				SWIFT_VERSION = 5.0;
				TARGETED_DEVICE_FAMILY = "1,2";
				TEST_HOST = "$(BUILT_PRODUCTS_DIR)/ExpensesApp.app/ExpensesApp";
			};
			name = Debug;
		};
		B742634E2448BEC200597D4C /* Release */ = {
			isa = XCBuildConfiguration;
			baseConfigurationReference = 82C3C508F7F33DD228A88BC1 /* Pods-ExpensesAppTests.release.xcconfig */;
			buildSettings = {
				ALWAYS_EMBED_SWIFT_STANDARD_LIBRARIES = YES;
				BUNDLE_LOADER = "$(TEST_HOST)";
				CODE_SIGN_STYLE = Automatic;
				DEVELOPMENT_TEAM = 3H92NGE9SW;
				INFOPLIST_FILE = ExpensesAppTests/Info.plist;
				IPHONEOS_DEPLOYMENT_TARGET = 13.4;
				LD_RUNPATH_SEARCH_PATHS = (
					"$(inherited)",
					"@executable_path/Frameworks",
					"@loader_path/Frameworks",
				);
				PRODUCT_BUNDLE_IDENTIFIER = com.RolfK.ExpensesAppTests;
				PRODUCT_NAME = "$(TARGET_NAME)";
				SWIFT_VERSION = 5.0;
				TARGETED_DEVICE_FAMILY = "1,2";
				TEST_HOST = "$(BUILT_PRODUCTS_DIR)/ExpensesApp.app/ExpensesApp";
			};
			name = Release;
		};
		B74263502448BEC200597D4C /* Debug */ = {
			isa = XCBuildConfiguration;
			baseConfigurationReference = 8B51D6E71CC05C77E8AB5106 /* Pods-ExpensesApp-ExpensesAppUITests.debug.xcconfig */;
			buildSettings = {
				ALWAYS_EMBED_SWIFT_STANDARD_LIBRARIES = YES;
				CODE_SIGN_STYLE = Automatic;
				DEVELOPMENT_TEAM = 3H92NGE9SW;
				INFOPLIST_FILE = ExpensesAppUITests/Info.plist;
				LD_RUNPATH_SEARCH_PATHS = (
					"$(inherited)",
					"@executable_path/Frameworks",
					"@loader_path/Frameworks",
				);
				PRODUCT_BUNDLE_IDENTIFIER = com.RolfK.ExpensesAppUITests;
				PRODUCT_NAME = "$(TARGET_NAME)";
				SWIFT_VERSION = 5.0;
				TARGETED_DEVICE_FAMILY = "1,2";
				TEST_TARGET_NAME = ExpensesApp;
			};
			name = Debug;
		};
		B74263512448BEC200597D4C /* Release */ = {
			isa = XCBuildConfiguration;
			baseConfigurationReference = BC66C6A69425343E3FD32677 /* Pods-ExpensesApp-ExpensesAppUITests.release.xcconfig */;
			buildSettings = {
				ALWAYS_EMBED_SWIFT_STANDARD_LIBRARIES = YES;
				CODE_SIGN_STYLE = Automatic;
				DEVELOPMENT_TEAM = 3H92NGE9SW;
				INFOPLIST_FILE = ExpensesAppUITests/Info.plist;
				LD_RUNPATH_SEARCH_PATHS = (
					"$(inherited)",
					"@executable_path/Frameworks",
					"@loader_path/Frameworks",
				);
				PRODUCT_BUNDLE_IDENTIFIER = com.RolfK.ExpensesAppUITests;
				PRODUCT_NAME = "$(TARGET_NAME)";
				SWIFT_VERSION = 5.0;
				TARGETED_DEVICE_FAMILY = "1,2";
				TEST_TARGET_NAME = ExpensesApp;
			};
			name = Release;
		};
/* End XCBuildConfiguration section */

/* Begin XCConfigurationList section */
		B74263172448BEBA00597D4C /* Build configuration list for PBXProject "ExpensesApp" */ = {
			isa = XCConfigurationList;
			buildConfigurations = (
				B74263472448BEC200597D4C /* Debug */,
				B74263482448BEC200597D4C /* Release */,
			);
			defaultConfigurationIsVisible = 0;
			defaultConfigurationName = Release;
		};
		B74263492448BEC200597D4C /* Build configuration list for PBXNativeTarget "ExpensesApp" */ = {
			isa = XCConfigurationList;
			buildConfigurations = (
				B742634A2448BEC200597D4C /* Debug */,
				B742634B2448BEC200597D4C /* Release */,
			);
			defaultConfigurationIsVisible = 0;
			defaultConfigurationName = Release;
		};
		B742634C2448BEC200597D4C /* Build configuration list for PBXNativeTarget "ExpensesAppTests" */ = {
			isa = XCConfigurationList;
			buildConfigurations = (
				B742634D2448BEC200597D4C /* Debug */,
				B742634E2448BEC200597D4C /* Release */,
			);
			defaultConfigurationIsVisible = 0;
			defaultConfigurationName = Release;
		};
		B742634F2448BEC200597D4C /* Build configuration list for PBXNativeTarget "ExpensesAppUITests" */ = {
			isa = XCConfigurationList;
			buildConfigurations = (
				B74263502448BEC200597D4C /* Debug */,
				B74263512448BEC200597D4C /* Release */,
			);
			defaultConfigurationIsVisible = 0;
			defaultConfigurationName = Release;
		};
/* End XCConfigurationList section */

/* Begin XCVersionGroup section */
		B74263282448BEBA00597D4C /* ExpensesApp.xcdatamodeld */ = {
			isa = XCVersionGroup;
			children = (
				B74263292448BEBA00597D4C /* ExpensesApp.xcdatamodel */,
			);
			currentVersion = B74263292448BEBA00597D4C /* ExpensesApp.xcdatamodel */;
			path = ExpensesApp.xcdatamodeld;
			sourceTree = "<group>";
			versionGroupType = wrapper.xcdatamodel;
		};
/* End XCVersionGroup section */
	};
	rootObject = B74263142448BEB900597D4C /* Project object */;
}
